{
  "name": "hooks",
  "version": "18.4.7",
  "lockfileVersion": 1,
  "requires": true,
  "dependencies": {
    "@babel/code-frame": {
      "version": "7.0.0-beta.44",
      "resolved": "https://registry.npmjs.org/@babel/code-frame/-/code-frame-7.0.0-beta.44.tgz",
      "integrity": "sha512-cuAuTTIQ9RqcFRJ/Y8PvTh+paepNcaGxwQwjIDRWPXmzzyAeCO4KqS9ikMvq0MCbRk6GlYKwfzStrcP3/jSL8g==",
      "requires": {
        "@babel/highlight": "7.0.0-beta.44"
      }
    },
    "@babel/generator": {
      "version": "7.0.0-beta.44",
      "resolved": "https://registry.npmjs.org/@babel/generator/-/generator-7.0.0-beta.44.tgz",
      "integrity": "sha512-5xVb7hlhjGcdkKpMXgicAVgx8syK5VJz193k0i/0sLP6DzE6lRrU1K3B/rFefgdo9LPGMAOOOAWW4jycj07ShQ==",
      "requires": {
        "@babel/types": "7.0.0-beta.44",
        "jsesc": "2.5.1",
        "lodash": "4.17.5",
        "source-map": "0.5.7",
        "trim-right": "1.0.1"
      }
    },
    "@babel/helper-function-name": {
      "version": "7.0.0-beta.44",
      "resolved": "https://registry.npmjs.org/@babel/helper-function-name/-/helper-function-name-7.0.0-beta.44.tgz",
      "integrity": "sha512-MHRG2qZMKMFaBavX0LWpfZ2e+hLloT++N7rfM3DYOMUOGCD8cVjqZpwiL8a0bOX3IYcQev1ruciT0gdFFRTxzg==",
      "requires": {
        "@babel/helper-get-function-arity": "7.0.0-beta.44",
        "@babel/template": "7.0.0-beta.44",
        "@babel/types": "7.0.0-beta.44"
      }
    },
    "@babel/helper-get-function-arity": {
      "version": "7.0.0-beta.44",
      "resolved": "https://registry.npmjs.org/@babel/helper-get-function-arity/-/helper-get-function-arity-7.0.0-beta.44.tgz",
      "integrity": "sha512-w0YjWVwrM2HwP6/H3sEgrSQdkCaxppqFeJtAnB23pRiJB5E/O9Yp7JAAeWBl+gGEgmBFinnTyOv2RN7rcSmMiw==",
      "requires": {
        "@babel/types": "7.0.0-beta.44"
      }
    },
    "@babel/helper-split-export-declaration": {
      "version": "7.0.0-beta.44",
      "resolved": "https://registry.npmjs.org/@babel/helper-split-export-declaration/-/helper-split-export-declaration-7.0.0-beta.44.tgz",
      "integrity": "sha512-aQ7QowtkgKKzPGf0j6u77kBMdUFVBKNHw2p/3HX/POt5/oz8ec5cs0GwlgM8Hz7ui5EwJnzyfRmkNF1Nx1N7aA==",
      "requires": {
        "@babel/types": "7.0.0-beta.44"
      }
    },
    "@babel/highlight": {
      "version": "7.0.0-beta.44",
      "resolved": "https://registry.npmjs.org/@babel/highlight/-/highlight-7.0.0-beta.44.tgz",
      "integrity": "sha512-Il19yJvy7vMFm8AVAh6OZzaFoAd0hbkeMZiX3P5HGD+z7dyI7RzndHB0dg6Urh/VAFfHtpOIzDUSxmY6coyZWQ==",
      "requires": {
        "chalk": "2.4.0",
        "esutils": "2.0.2",
        "js-tokens": "3.0.2"
      }
    },
    "@babel/template": {
      "version": "7.0.0-beta.44",
      "resolved": "https://registry.npmjs.org/@babel/template/-/template-7.0.0-beta.44.tgz",
      "integrity": "sha512-w750Sloq0UNifLx1rUqwfbnC6uSUk0mfwwgGRfdLiaUzfAOiH0tHJE6ILQIUi3KYkjiCDTskoIsnfqZvWLBDng==",
      "requires": {
        "@babel/code-frame": "7.0.0-beta.44",
        "@babel/types": "7.0.0-beta.44",
        "babylon": "7.0.0-beta.44",
        "lodash": "4.17.5"
      }
    },
    "@babel/traverse": {
      "version": "7.0.0-beta.44",
      "resolved": "https://registry.npmjs.org/@babel/traverse/-/traverse-7.0.0-beta.44.tgz",
      "integrity": "sha512-UHuDz8ukQkJCDASKHf+oDt3FVUzFd+QYfuBIsiNu/4+/ix6pP/C+uQZJ6K1oEfbCMv/IKWbgDEh7fcsnIE5AtA==",
      "requires": {
        "@babel/code-frame": "7.0.0-beta.44",
        "@babel/generator": "7.0.0-beta.44",
        "@babel/helper-function-name": "7.0.0-beta.44",
        "@babel/helper-split-export-declaration": "7.0.0-beta.44",
        "@babel/types": "7.0.0-beta.44",
        "babylon": "7.0.0-beta.44",
        "debug": "3.1.0",
        "globals": "11.4.0",
        "invariant": "2.2.4",
        "lodash": "4.17.5"
      }
    },
    "@babel/types": {
      "version": "7.0.0-beta.44",
      "resolved": "https://registry.npmjs.org/@babel/types/-/types-7.0.0-beta.44.tgz",
      "integrity": "sha512-5eTV4WRmqbaFM3v9gHAIljEQJU4Ssc6fxL61JN+Oe2ga/BwyjzjamwkCVVAQjHGuAX8i0BWo42dshL8eO5KfLQ==",
      "requires": {
        "esutils": "2.0.2",
        "lodash": "4.17.5",
        "to-fast-properties": "2.0.0"
      }
    },
    "ansi-styles": {
      "version": "3.2.1",
      "resolved": "https://registry.npmjs.org/ansi-styles/-/ansi-styles-3.2.1.tgz",
      "integrity": "sha512-VT0ZI6kZRdTh8YyJw3SMbYm/u+NqfsAxEpWO0Pf9sq8/e94WxxOpPKx9FR1FlyCtOVDNOQ+8ntlqFxiRc+r5qA==",
      "requires": {
        "color-convert": "1.9.1"
      }
    },
    "argparse": {
      "version": "1.0.10",
      "resolved": "https://registry.npmjs.org/argparse/-/argparse-1.0.10.tgz",
      "integrity": "sha512-o5Roy6tNG4SL/FOkCAN6RzjiakZS25RLYFrcMttJqbdd8BWrnA+fGz57iN5Pb06pvBGvl5gQ0B48dJlslXvoTg==",
      "requires": {
        "sprintf-js": "1.0.3"
      }
    },
    "async": {
      "version": "0.9.2",
      "resolved": "https://registry.npmjs.org/async/-/async-0.9.2.tgz",
      "integrity": "sha1-rqdNXmHB+JlhO/ZL2mbUx48v0X0="
    },
    "babel-eslint": {
      "version": "8.2.3",
      "resolved": "https://registry.npmjs.org/babel-eslint/-/babel-eslint-8.2.3.tgz",
      "integrity": "sha512-0HeSTtaXg/Em7FCUWxwOT+KeFSO1O7LuRuzhk7g+1BjwdlQGlHq4OyMi3GqGxrNfEq8jEi6Hmt5ylEQUhurgiQ==",
      "requires": {
        "@babel/code-frame": "7.0.0-beta.44",
        "@babel/traverse": "7.0.0-beta.44",
        "@babel/types": "7.0.0-beta.44",
        "babylon": "7.0.0-beta.44",
        "eslint-scope": "3.7.1",
        "eslint-visitor-keys": "1.0.0"
      }
    },
    "babylon": {
      "version": "7.0.0-beta.44",
      "resolved": "https://registry.npmjs.org/babylon/-/babylon-7.0.0-beta.44.tgz",
      "integrity": "sha512-5Hlm13BJVAioCHpImtFqNOF2H3ieTOHd0fmFGMxOJ9jgeFqeAwsv3u5P5cR7CSeFrkgHsT19DgFJkHV0/Mcd8g=="
    },
    "balanced-match": {
      "version": "1.0.0",
      "resolved": "https://registry.npmjs.org/balanced-match/-/balanced-match-1.0.0.tgz",
      "integrity": "sha1-ibTRmasr7kneFk6gK4nORi1xt2c="
    },
    "brace-expansion": {
      "version": "1.1.11",
      "resolved": "https://registry.npmjs.org/brace-expansion/-/brace-expansion-1.1.11.tgz",
      "integrity": "sha512-iCuPHDFgrHX7H2vEI/5xpz07zSHB00TpugqhmYtVmMO6518mCuRMoOYFldEBl0g187ufozdaHgWKcYFb61qGiA==",
      "requires": {
        "balanced-match": "1.0.0",
        "concat-map": "0.0.1"
      }
    },
    "builtin-modules": {
      "version": "1.1.1",
      "resolved": "https://registry.npmjs.org/builtin-modules/-/builtin-modules-1.1.1.tgz",
      "integrity": "sha1-Jw8HbFpywC9bZaR9+Uxf46J4iS8="
    },
    "chalk": {
      "version": "2.4.0",
      "resolved": "https://registry.npmjs.org/chalk/-/chalk-2.4.0.tgz",
      "integrity": "sha512-Wr/w0f4o9LuE7K53cD0qmbAMM+2XNLzR29vFn5hqko4sxGlUsyy363NvmyGIyk5tpe9cjTr9SJYbysEyPkRnFw==",
      "requires": {
        "ansi-styles": "3.2.1",
        "escape-string-regexp": "1.0.5",
        "supports-color": "5.4.0"
      }
    },
    "ci-info": {
      "version": "1.1.3",
      "resolved": "https://registry.npmjs.org/ci-info/-/ci-info-1.1.3.tgz",
      "integrity": "sha512-SK/846h/Rcy8q9Z9CAwGBLfCJ6EkjJWdpelWDufQpqVDYq2Wnnv8zlSO6AMQap02jvhVruKKpEtQOufo3pFhLg=="
    },
    "color-convert": {
      "version": "1.9.1",
      "resolved": "https://registry.npmjs.org/color-convert/-/color-convert-1.9.1.tgz",
      "integrity": "sha512-mjGanIiwQJskCC18rPR6OmrZ6fm2Lc7PeGFYwCmy5J34wC6F1PzdGL6xeMfmgicfYcNLGuVFA3WzXtIDCQSZxQ==",
      "requires": {
        "color-name": "1.1.3"
      }
    },
    "color-name": {
      "version": "1.1.3",
      "resolved": "https://registry.npmjs.org/color-name/-/color-name-1.1.3.tgz",
      "integrity": "sha1-p9BVi9icQveV3UIyj3QIMcpTvCU="
    },
    "colors": {
      "version": "1.2.1",
      "resolved": "https://registry.npmjs.org/colors/-/colors-1.2.1.tgz",
      "integrity": "sha512-s8+wktIuDSLffCywiwSxQOMqtPxML11a/dtHE17tMn4B1MSWw/C22EKf7M2KGUBcDaVFEGT+S8N02geDXeuNKg=="
    },
    "concat-map": {
      "version": "0.0.1",
      "resolved": "https://registry.npmjs.org/concat-map/-/concat-map-0.0.1.tgz",
      "integrity": "sha1-2Klr13/Wjfd5OnMDajug1UBdR3s="
    },
    "cosmiconfig": {
      "version": "4.0.0",
      "resolved": "https://registry.npmjs.org/cosmiconfig/-/cosmiconfig-4.0.0.tgz",
      "integrity": "sha512-6e5vDdrXZD+t5v0L8CrurPeybg4Fmf+FCSYxXKYVAqLUtyCSbuyqE059d0kDthTNRzKVjL7QMgNpEUlsoYH3iQ==",
      "requires": {
        "is-directory": "0.3.1",
        "js-yaml": "3.11.0",
        "parse-json": "4.0.0",
        "require-from-string": "2.0.2"
      }
    },
    "cross-spawn": {
      "version": "5.1.0",
      "resolved": "https://registry.npmjs.org/cross-spawn/-/cross-spawn-5.1.0.tgz",
      "integrity": "sha1-6L0O/uWPz/b4+UUQoKVUu/ojVEk=",
      "requires": {
        "lru-cache": "4.1.2",
        "shebang-command": "1.2.0",
        "which": "1.3.0"
      },
      "dependencies": {
        "lru-cache": {
          "version": "4.1.2",
          "resolved": "https://registry.npmjs.org/lru-cache/-/lru-cache-4.1.2.tgz",
          "integrity": "sha512-wgeVXhrDwAWnIF/yZARsFnMBtdFXOg1b8RIrhilp+0iDYN4mdQcNZElDZ0e4B64BhaxeQ5zN7PMyvu7we1kPeQ==",
          "requires": {
            "pseudomap": "1.0.2",
            "yallist": "2.1.2"
          }
        }
      }
    },
    "cycle": {
      "version": "1.0.3",
      "resolved": "https://registry.npmjs.org/cycle/-/cycle-1.0.3.tgz",
      "integrity": "sha1-IegLK+hYD5i0aPN5QwZisEbDStI="
    },
    "debug": {
      "version": "3.1.0",
      "resolved": "https://registry.npmjs.org/debug/-/debug-3.1.0.tgz",
      "integrity": "sha512-OX8XqP7/1a9cqkxYw2yXss15f26NKWBpDXQd0/uK/KPqdQhxbPa994hnzjcE2VqQpDslf55723cKPUOGSmMY3g==",
      "requires": {
        "ms": "2.0.0"
      }
    },
    "deep-equal": {
      "version": "0.2.2",
      "resolved": "https://registry.npmjs.org/deep-equal/-/deep-equal-0.2.2.tgz",
      "integrity": "sha1-hLdFiW80xoTpjyzg5Cq69Du6AX0="
    },
    "error-ex": {
      "version": "1.3.1",
      "resolved": "https://registry.npmjs.org/error-ex/-/error-ex-1.3.1.tgz",
      "integrity": "sha1-+FWobOYa3E6GIcPNoh56dhLDqNw=",
      "requires": {
        "is-arrayish": "0.2.1"
      }
    },
    "escape-string-regexp": {
      "version": "1.0.5",
      "resolved": "https://registry.npmjs.org/escape-string-regexp/-/escape-string-regexp-1.0.5.tgz",
      "integrity": "sha1-G2HAViGQqN/2rjuyzwIAyhMLhtQ="
    },
    "eslint-scope": {
      "version": "3.7.1",
      "resolved": "https://registry.npmjs.org/eslint-scope/-/eslint-scope-3.7.1.tgz",
      "integrity": "sha1-PWPD7f2gLgbgGkUq2IyqzHzctug=",
      "requires": {
        "esrecurse": "4.2.1",
        "estraverse": "4.2.0"
      }
    },
    "eslint-visitor-keys": {
      "version": "1.0.0",
      "resolved": "https://registry.npmjs.org/eslint-visitor-keys/-/eslint-visitor-keys-1.0.0.tgz",
      "integrity": "sha512-qzm/XxIbxm/FHyH341ZrbnMUpe+5Bocte9xkmFMzPMjRaZMcXww+MpBptFvtU+79L362nqiLhekCxCxDPaUMBQ=="
    },
    "esprima": {
      "version": "4.0.0",
      "resolved": "https://registry.npmjs.org/esprima/-/esprima-4.0.0.tgz",
      "integrity": "sha512-oftTcaMu/EGrEIu904mWteKIv8vMuOgGYo7EhVJJN00R/EED9DCua/xxHRdYnKtcECzVg7xOWhflvJMnqcFZjw=="
    },
    "esrecurse": {
      "version": "4.2.1",
      "resolved": "https://registry.npmjs.org/esrecurse/-/esrecurse-4.2.1.tgz",
      "integrity": "sha512-64RBB++fIOAXPw3P9cy89qfMlvZEXZkqqJkjqqXIvzP5ezRZjW+lPWjw35UX/3EhUPFYbg5ER4JYgDw4007/DQ==",
      "requires": {
        "estraverse": "4.2.0"
      }
    },
    "estraverse": {
      "version": "4.2.0",
      "resolved": "https://registry.npmjs.org/estraverse/-/estraverse-4.2.0.tgz",
      "integrity": "sha1-De4/7TH81GlhjOc0IJn8GvoL2xM="
    },
    "esutils": {
      "version": "2.0.2",
      "resolved": "https://registry.npmjs.org/esutils/-/esutils-2.0.2.tgz",
      "integrity": "sha1-Cr9PHKpbyx96nYrMbepPqqBLrJs="
    },
    "execa": {
      "version": "0.9.0",
      "resolved": "https://registry.npmjs.org/execa/-/execa-0.9.0.tgz",
      "integrity": "sha512-BbUMBiX4hqiHZUA5+JujIjNb6TyAlp2D5KLheMjMluwOuzcnylDL4AxZYLLn1n2AGB49eSWwyKvvEQoRpnAtmA==",
      "requires": {
        "cross-spawn": "5.1.0",
        "get-stream": "3.0.0",
        "is-stream": "1.1.0",
        "npm-run-path": "2.0.2",
        "p-finally": "1.0.0",
        "signal-exit": "3.0.2",
        "strip-eof": "1.0.0"
      }
    },
    "eyes": {
      "version": "0.1.8",
      "resolved": "https://registry.npmjs.org/eyes/-/eyes-0.1.8.tgz",
      "integrity": "sha1-Ys8SAjTGg3hdkCNIqADvPgzCC8A="
    },
    "find-up": {
      "version": "2.1.0",
      "resolved": "https://registry.npmjs.org/find-up/-/find-up-2.1.0.tgz",
      "integrity": "sha1-RdG35QbHF93UgndaK3eSCjwMV6c=",
      "requires": {
        "locate-path": "2.0.0"
      }
    },
    "fs.realpath": {
      "version": "1.0.0",
      "resolved": "https://registry.npmjs.org/fs.realpath/-/fs.realpath-1.0.0.tgz",
      "integrity": "sha1-FQStJSMVjKpA20onh8sBQRmU6k8="
    },
    "get-stream": {
      "version": "3.0.0",
      "resolved": "https://registry.npmjs.org/get-stream/-/get-stream-3.0.0.tgz",
      "integrity": "sha1-jpQ9E1jcN1VQVOy+LtsFqhdO3hQ="
    },
    "glob": {
      "version": "7.1.2",
      "resolved": "https://registry.npmjs.org/glob/-/glob-7.1.2.tgz",
      "integrity": "sha512-MJTUg1kjuLeQCJ+ccE4Vpa6kKVXkPYJ2mOCQyUuKLcLQsdrMCpBPUi8qVE6+YuaJkozeA9NusTAw3hLr8Xe5EQ==",
      "requires": {
        "fs.realpath": "1.0.0",
        "inflight": "1.0.6",
        "inherits": "2.0.3",
        "minimatch": "3.0.4",
        "once": "1.4.0",
        "path-is-absolute": "1.0.1"
      }
    },
    "globals": {
      "version": "11.4.0",
      "resolved": "https://registry.npmjs.org/globals/-/globals-11.4.0.tgz",
      "integrity": "sha512-Dyzmifil8n/TmSqYDEXbm+C8yitzJQqQIlJQLNRMwa+BOUJpRC19pyVeN12JAjt61xonvXjtff+hJruTRXn5HA=="
    },
    "has-flag": {
      "version": "3.0.0",
      "resolved": "https://registry.npmjs.org/has-flag/-/has-flag-3.0.0.tgz",
      "integrity": "sha1-tdRU3CGZriJWmfNGfloH87lVuv0="
    },
    "hosted-git-info": {
      "version": "2.6.0",
      "resolved": "https://registry.npmjs.org/hosted-git-info/-/hosted-git-info-2.6.0.tgz",
      "integrity": "sha512-lIbgIIQA3lz5XaB6vxakj6sDHADJiZadYEJB+FgA+C4nubM1NwcuvUr9EJPmnH1skZqpqUzWborWo8EIUi0Sdw=="
    },
    "husky": {
      "version": "1.0.0-rc.1",
      "resolved": "https://registry.npmjs.org/husky/-/husky-1.0.0-rc.1.tgz",
      "integrity": "sha512-NwMe/yU/C0jbRXH7DBTEDNPytnFADfnh4cdbOPm/1dXKKSaq32VGzFYDCewvCwJlkHMgLh/hPy+w3kg4i0Z7qw==",
      "requires": {
        "cosmiconfig": "4.0.0",
        "execa": "0.9.0",
        "is-ci": "1.1.0",
        "pkg-dir": "2.0.0",
        "pupa": "1.0.0",
        "read-pkg": "3.0.0",
        "run-node": "0.2.0",
        "slash": "2.0.0"
      }
    },
    "i": {
      "version": "0.3.6",
      "resolved": "https://registry.npmjs.org/i/-/i-0.3.6.tgz",
      "integrity": "sha1-2WyScyB28HJxG2sQ/X1PZa2O4j0="
    },
    "inflight": {
      "version": "1.0.6",
      "resolved": "https://registry.npmjs.org/inflight/-/inflight-1.0.6.tgz",
      "integrity": "sha1-Sb1jMdfQLQwJvJEKEHW6gWW1bfk=",
      "requires": {
        "once": "1.4.0",
        "wrappy": "1.0.2"
      }
    },
    "inherits": {
      "version": "2.0.3",
      "resolved": "https://registry.npmjs.org/inherits/-/inherits-2.0.3.tgz",
      "integrity": "sha1-Yzwsg+PaQqUC9SRmAiSA9CCCYd4="
    },
    "interpret": {
      "version": "1.1.0",
      "resolved": "https://registry.npmjs.org/interpret/-/interpret-1.1.0.tgz",
      "integrity": "sha1-ftGxQQxqDg94z5XTuEQMY/eLhhQ="
    },
    "invariant": {
      "version": "2.2.4",
      "resolved": "https://registry.npmjs.org/invariant/-/invariant-2.2.4.tgz",
      "integrity": "sha512-phJfQVBuaJM5raOpJjSfkiD6BpbCE4Ns//LaXl6wGYtUBY83nWS6Rf9tXm2e8VaK60JEjYldbPif/A2B1C2gNA==",
      "requires": {
        "loose-envify": "1.3.1"
      }
    },
    "is-arrayish": {
      "version": "0.2.1",
      "resolved": "https://registry.npmjs.org/is-arrayish/-/is-arrayish-0.2.1.tgz",
      "integrity": "sha1-d8mYQFJ6qOyxqLppe4BkWnqSap0="
    },
    "is-builtin-module": {
      "version": "1.0.0",
      "resolved": "https://registry.npmjs.org/is-builtin-module/-/is-builtin-module-1.0.0.tgz",
      "integrity": "sha1-VAVy0096wxGfj3bDDLwbHgN6/74=",
      "requires": {
        "builtin-modules": "1.1.1"
      }
    },
    "is-ci": {
      "version": "1.1.0",
      "resolved": "https://registry.npmjs.org/is-ci/-/is-ci-1.1.0.tgz",
      "integrity": "sha512-c7TnwxLePuqIlxHgr7xtxzycJPegNHFuIrBkwbf8hc58//+Op1CqFkyS+xnIMkwn9UsJIwc174BIjkyBmSpjKg==",
      "requires": {
        "ci-info": "1.1.3"
      }
    },
    "is-directory": {
      "version": "0.3.1",
      "resolved": "https://registry.npmjs.org/is-directory/-/is-directory-0.3.1.tgz",
      "integrity": "sha1-YTObbyR1/Hcv2cnYP1yFddwVSuE="
    },
    "is-stream": {
      "version": "1.1.0",
      "resolved": "https://registry.npmjs.org/is-stream/-/is-stream-1.1.0.tgz",
      "integrity": "sha1-EtSj3U5o4Lec6428hBc66A2RykQ="
    },
    "isexe": {
      "version": "2.0.0",
      "resolved": "https://registry.npmjs.org/isexe/-/isexe-2.0.0.tgz",
      "integrity": "sha1-6PvzdNxVb/iUehDcsFctYz8s+hA="
    },
    "isstream": {
      "version": "0.1.2",
      "resolved": "https://registry.npmjs.org/isstream/-/isstream-0.1.2.tgz",
      "integrity": "sha1-R+Y/evVa+m+S4VAOaQ64uFKcCZo="
    },
    "js-tokens": {
      "version": "3.0.2",
      "resolved": "https://registry.npmjs.org/js-tokens/-/js-tokens-3.0.2.tgz",
      "integrity": "sha1-mGbfOVECEw449/mWvOtlRDIJwls="
    },
    "js-yaml": {
      "version": "3.11.0",
      "resolved": "https://registry.npmjs.org/js-yaml/-/js-yaml-3.11.0.tgz",
      "integrity": "sha512-saJstZWv7oNeOyBh3+Dx1qWzhW0+e6/8eDzo7p5rDFqxntSztloLtuKu+Ejhtq82jsilwOIZYsCz+lIjthg1Hw==",
      "requires": {
        "argparse": "1.0.10",
        "esprima": "4.0.0"
      }
    },
    "jsesc": {
      "version": "2.5.1",
      "resolved": "https://registry.npmjs.org/jsesc/-/jsesc-2.5.1.tgz",
      "integrity": "sha1-5CGiqOINawgZ3yiQj3glJrlt0f4="
    },
    "json-parse-better-errors": {
      "version": "1.0.2",
      "resolved": "https://registry.npmjs.org/json-parse-better-errors/-/json-parse-better-errors-1.0.2.tgz",
      "integrity": "sha512-mrqyZKfX5EhL7hvqcV6WG1yYjnjeuYDzDhhcAAUrq8Po85NBQBJP+ZDUT75qZQ98IkUoBqdkExkukOU7Ts2wrw=="
    },
    "load-json-file": {
      "version": "4.0.0",
      "resolved": "https://registry.npmjs.org/load-json-file/-/load-json-file-4.0.0.tgz",
      "integrity": "sha1-L19Fq5HjMhYjT9U62rZo607AmTs=",
      "requires": {
        "graceful-fs": "4.1.11",
        "parse-json": "4.0.0",
        "pify": "3.0.0",
        "strip-bom": "3.0.0"
      },
      "dependencies": {
        "graceful-fs": {
          "version": "4.1.11",
          "resolved": "https://registry.npmjs.org/graceful-fs/-/graceful-fs-4.1.11.tgz",
          "integrity": "sha1-Dovf5NHduIVNZOBOp8AOKgJuVlg="
        },
        "strip-bom": {
          "version": "3.0.0",
          "resolved": "https://registry.npmjs.org/strip-bom/-/strip-bom-3.0.0.tgz",
          "integrity": "sha1-IzTBjpx1n3vdVv3vfprj1YjmjtM="
        }
      }
    },
    "locate-path": {
      "version": "2.0.0",
      "resolved": "https://registry.npmjs.org/locate-path/-/locate-path-2.0.0.tgz",
      "integrity": "sha1-K1aLJl7slExtnA3pw9u7ygNUzY4=",
      "requires": {
        "p-locate": "2.0.0",
        "path-exists": "3.0.0"
      }
    },
    "lodash": {
      "version": "4.17.5",
      "resolved": "https://registry.npmjs.org/lodash/-/lodash-4.17.5.tgz",
      "integrity": "sha512-svL3uiZf1RwhH+cWrfZn3A4+U58wbP0tGVTLQPbjplZxZ8ROD9VLuNgsRniTlLe7OlSqR79RUehXgpBW/s0IQw=="
    },
    "loose-envify": {
      "version": "1.3.1",
      "resolved": "https://registry.npmjs.org/loose-envify/-/loose-envify-1.3.1.tgz",
      "integrity": "sha1-0aitM/qc4OcT1l/dCsi3SNR4yEg=",
      "requires": {
        "js-tokens": "3.0.2"
      }
    },
    "minimatch": {
      "version": "3.0.4",
      "resolved": "https://registry.npmjs.org/minimatch/-/minimatch-3.0.4.tgz",
      "integrity": "sha512-yJHVQEhyqPLUTgt9B83PXu6W3rx4MvvHvSUvToogpwoGDOUQ+yDrR0HRot+yOCdCO7u4hX3pWft6kWBBcqh0UA==",
      "requires": {
        "brace-expansion": "1.1.11"
      }
    },
    "minimist": {
      "version": "0.0.8",
      "resolved": "https://registry.npmjs.org/minimist/-/minimist-0.0.8.tgz",
      "integrity": "sha1-hX/Kv8M5fSYluCKCYuhqp6ARsF0="
    },
    "mkdirp": {
      "version": "0.5.1",
      "resolved": "https://registry.npmjs.org/mkdirp/-/mkdirp-0.5.1.tgz",
      "integrity": "sha1-MAV0OOrGz3+MR2fzhkjWaX11yQM=",
      "requires": {
        "minimist": "0.0.8"
      }
    },
    "ms": {
      "version": "2.0.0",
      "resolved": "https://registry.npmjs.org/ms/-/ms-2.0.0.tgz",
      "integrity": "sha1-VgiurfwAvmwpAd9fmGF4jeDVl8g="
    },
    "mute-stream": {
      "version": "0.0.7",
      "resolved": "https://registry.npmjs.org/mute-stream/-/mute-stream-0.0.7.tgz",
      "integrity": "sha1-MHXOk7whuPq0PhvE2n6BFe0ee6s="
    },
    "ncp": {
      "version": "1.0.1",
      "resolved": "https://registry.npmjs.org/ncp/-/ncp-1.0.1.tgz",
      "integrity": "sha1-0VNn5cuHQyuhF9K/gP30Wuz7QkY="
    },
    "normalize-package-data": {
      "version": "2.4.0",
      "resolved": "https://registry.npmjs.org/normalize-package-data/-/normalize-package-data-2.4.0.tgz",
      "integrity": "sha512-9jjUFbTPfEy3R/ad/2oNbKtW9Hgovl5O1FvFWKkKblNXoN/Oou6+9+KKohPK13Yc3/TyunyWhJp6gvRNR/PPAw==",
      "requires": {
        "hosted-git-info": "2.6.0",
        "is-builtin-module": "1.0.0",
        "semver": "4.3.6",
        "validate-npm-package-license": "3.0.3"
      }
    },
    "npm-run-path": {
      "version": "2.0.2",
      "resolved": "https://registry.npmjs.org/npm-run-path/-/npm-run-path-2.0.2.tgz",
      "integrity": "sha1-NakjLfo11wZ7TLLd8jV7GHFTbF8=",
      "requires": {
        "path-key": "2.0.1"
      }
    },
    "once": {
      "version": "1.4.0",
      "resolved": "https://registry.npmjs.org/once/-/once-1.4.0.tgz",
      "integrity": "sha1-WDsap3WWHUsROsF9nFC6753Xa9E=",
      "requires": {
        "wrappy": "1.0.2"
      }
    },
    "p-finally": {
      "version": "1.0.0",
      "resolved": "https://registry.npmjs.org/p-finally/-/p-finally-1.0.0.tgz",
      "integrity": "sha1-P7z7FbiZpEEjs0ttzBi3JDNqLK4="
    },
    "p-limit": {
      "version": "1.2.0",
      "resolved": "https://registry.npmjs.org/p-limit/-/p-limit-1.2.0.tgz",
      "integrity": "sha512-Y/OtIaXtUPr4/YpMv1pCL5L5ed0rumAaAeBSj12F+bSlMdys7i8oQF/GUJmfpTS/QoaRrS/k6pma29haJpsMng==",
      "requires": {
        "p-try": "1.0.0"
      }
    },
    "p-locate": {
      "version": "2.0.0",
      "resolved": "https://registry.npmjs.org/p-locate/-/p-locate-2.0.0.tgz",
      "integrity": "sha1-IKAQOyIqcMj9OcwuWAaA893l7EM=",
      "requires": {
        "p-limit": "1.2.0"
      }
    },
    "p-try": {
      "version": "1.0.0",
      "resolved": "https://registry.npmjs.org/p-try/-/p-try-1.0.0.tgz",
      "integrity": "sha1-y8ec26+P1CKOE/Yh8rGiN8GyB7M="
    },
    "parse-json": {
      "version": "4.0.0",
      "resolved": "https://registry.npmjs.org/parse-json/-/parse-json-4.0.0.tgz",
      "integrity": "sha1-vjX1Qlvh9/bHRxhPmKeIy5lHfuA=",
      "requires": {
        "error-ex": "1.3.1",
        "json-parse-better-errors": "1.0.2"
      }
    },
    "path-exists": {
      "version": "3.0.0",
      "resolved": "https://registry.npmjs.org/path-exists/-/path-exists-3.0.0.tgz",
      "integrity": "sha1-zg6+ql94yxiSXqfYENe1mwEP1RU="
    },
    "path-is-absolute": {
      "version": "1.0.1",
      "resolved": "https://registry.npmjs.org/path-is-absolute/-/path-is-absolute-1.0.1.tgz",
      "integrity": "sha1-F0uSaHNVNP+8es5r9TpanhtcX18="
    },
    "path-key": {
      "version": "2.0.1",
      "resolved": "https://registry.npmjs.org/path-key/-/path-key-2.0.1.tgz",
      "integrity": "sha1-QRyttXTFoUDTpLGRDUDYDMn0C0A="
    },
    "path-parse": {
      "version": "1.0.5",
      "resolved": "https://registry.npmjs.org/path-parse/-/path-parse-1.0.5.tgz",
      "integrity": "sha1-PBrfhx6pzWyUMbbqK9dKD/BVxME="
    },
    "path-type": {
      "version": "3.0.0",
      "resolved": "https://registry.npmjs.org/path-type/-/path-type-3.0.0.tgz",
      "integrity": "sha512-T2ZUsdZFHgA3u4e5PfPbjd7HDDpxPnQb5jN0SrDsjNSuVXHJqtwTnWqG0B1jZrgmJ/7lj1EmVIByWt1gxGkWvg==",
      "requires": {
        "pify": "3.0.0"
      }
    },
    "pify": {
      "version": "3.0.0",
      "resolved": "https://registry.npmjs.org/pify/-/pify-3.0.0.tgz",
      "integrity": "sha1-5aSs0sEB/fPZpNB/DbxNtJ3SgXY="
    },
    "pkg-dir": {
      "version": "2.0.0",
      "resolved": "https://registry.npmjs.org/pkg-dir/-/pkg-dir-2.0.0.tgz",
      "integrity": "sha1-9tXREJ4Z1j7fQo4L1X4Sd3YVM0s=",
      "requires": {
        "find-up": "2.1.0"
      }
    },
    "pkginfo": {
      "version": "0.4.1",
      "resolved": "https://registry.npmjs.org/pkginfo/-/pkginfo-0.4.1.tgz",
      "integrity": "sha1-tUGO8EOd5UJfxJlQQtztFPsqhP8="
    },
    "prompt": {
      "version": "1.0.0",
      "resolved": "https://registry.npmjs.org/prompt/-/prompt-1.0.0.tgz",
      "integrity": "sha1-jlcSPDlquYiJf7Mn/Trtw+c15P4=",
      "requires": {
        "colors": "1.2.1",
        "pkginfo": "0.4.1",
        "read": "1.0.7",
        "revalidator": "0.1.8",
        "utile": "0.3.0",
        "winston": "2.1.1"
      }
    },
    "pseudomap": {
      "version": "1.0.2",
      "resolved": "https://registry.npmjs.org/pseudomap/-/pseudomap-1.0.2.tgz",
      "integrity": "sha1-8FKijacOYYkX7wqKw0wa5aaChrM="
    },
    "pupa": {
      "version": "1.0.0",
      "resolved": "https://registry.npmjs.org/pupa/-/pupa-1.0.0.tgz",
      "integrity": "sha1-mpVopa9+ZXuEYqbp1TKHQ1YM7/Y="
    },
    "read": {
      "version": "1.0.7",
      "resolved": "https://registry.npmjs.org/read/-/read-1.0.7.tgz",
      "integrity": "sha1-s9oZvQUkMal2cdRKQmNK33ELQMQ=",
      "requires": {
        "mute-stream": "0.0.7"
      }
    },
    "read-pkg": {
      "version": "3.0.0",
      "resolved": "https://registry.npmjs.org/read-pkg/-/read-pkg-3.0.0.tgz",
      "integrity": "sha1-nLxoaXj+5l0WwA4rGcI3/Pbjg4k=",
      "requires": {
        "load-json-file": "4.0.0",
        "normalize-package-data": "2.4.0",
        "path-type": "3.0.0"
      }
    },
    "rechoir": {
      "version": "0.6.2",
      "resolved": "https://registry.npmjs.org/rechoir/-/rechoir-0.6.2.tgz",
      "integrity": "sha1-hSBLVNuoLVdC4oyWdW70OvUOM4Q=",
      "requires": {
        "resolve": "1.7.1"
      }
    },
    "require-from-string": {
      "version": "2.0.2",
      "resolved": "https://registry.npmjs.org/require-from-string/-/require-from-string-2.0.2.tgz",
      "integrity": "sha512-Xf0nWe6RseziFMu+Ap9biiUbmplq6S9/p+7w7YXP/JBHhrUDDUhwa+vANyubuqfZWTveU//DYVGsDG7RKL/vEw=="
    },
    "resolve": {
      "version": "1.7.1",
      "resolved": "https://registry.npmjs.org/resolve/-/resolve-1.7.1.tgz",
      "integrity": "sha512-c7rwLofp8g1U+h1KNyHL/jicrKg1Ek4q+Lr33AL65uZTinUZHe30D5HlyN5V9NW0JX1D5dXQ4jqW5l7Sy/kGfw==",
      "requires": {
        "path-parse": "1.0.5"
      }
    },
    "revalidator": {
      "version": "0.1.8",
      "resolved": "https://registry.npmjs.org/revalidator/-/revalidator-0.1.8.tgz",
      "integrity": "sha1-/s5hv6DBtSoga9axgZgYS91SOjs="
    },
    "rimraf": {
      "version": "2.6.2",
      "resolved": "https://registry.npmjs.org/rimraf/-/rimraf-2.6.2.tgz",
      "integrity": "sha512-lreewLK/BlghmxtfH36YYVg1i8IAce4TI7oao75I1g245+6BctqTVQiBP3YUJ9C6DQOXJmkYR9X9fCLtCOJc5w==",
      "requires": {
        "glob": "7.1.2"
      }
    },
    "run-node": {
      "version": "0.2.0",
      "resolved": "https://registry.npmjs.org/run-node/-/run-node-0.2.0.tgz",
      "integrity": "sha512-Zsnxrr+CMGfm7VFuCj96E8tOpFHTEuZS9EvlXcKapVr2RUvr+fxTMxNgK5fXi3TprSgWoxobtR/3TXZT4na/Ng=="
    },
    "semver": {
      "version": "4.3.6",
      "resolved": "https://registry.npmjs.org/semver/-/semver-4.3.6.tgz",
      "integrity": "sha1-MAvG4OhjdPe6YQaLWx7NV/xlMto="
    },
    "shebang-command": {
      "version": "1.2.0",
      "resolved": "https://registry.npmjs.org/shebang-command/-/shebang-command-1.2.0.tgz",
      "integrity": "sha1-RKrGW2lbAzmJaMOfNj/uXer98eo=",
      "requires": {
        "shebang-regex": "1.0.0"
      }
    },
    "shebang-regex": {
      "version": "1.0.0",
      "resolved": "https://registry.npmjs.org/shebang-regex/-/shebang-regex-1.0.0.tgz",
      "integrity": "sha1-2kL0l0DAtC2yypcoVxyxkMmO/qM="
    },
    "shelljs": {
      "version": "0.8.1",
      "resolved": "https://registry.npmjs.org/shelljs/-/shelljs-0.8.1.tgz",
      "integrity": "sha512-YA/iYtZpzFe5HyWVGrb02FjPxc4EMCfpoU/Phg9fQoyMC72u9598OUBrsU8IrtwAKG0tO8IYaqbaLIw+k3IRGA==",
      "requires": {
        "glob": "7.1.2",
        "interpret": "1.1.0",
        "rechoir": "0.6.2"
      }
    },
    "signal-exit": {
      "version": "3.0.2",
      "resolved": "https://registry.npmjs.org/signal-exit/-/signal-exit-3.0.2.tgz",
      "integrity": "sha1-tf3AjxKH6hF4Yo5BXiUTK3NkbG0="
    },
    "slash": {
      "version": "2.0.0",
      "resolved": "https://registry.npmjs.org/slash/-/slash-2.0.0.tgz",
      "integrity": "sha512-ZYKh3Wh2z1PpEXWr0MpSBZ0V6mZHAQfYevttO11c51CaWjGTaadiKZ+wVt1PbMlDV5qhMFslpZCemhwOK7C89A=="
    },
    "source-map": {
      "version": "0.5.7",
      "resolved": "https://registry.npmjs.org/source-map/-/source-map-0.5.7.tgz",
      "integrity": "sha1-igOdLRAh0i0eoUyA2OpGi6LvP8w="
    },
    "spdx-correct": {
      "version": "3.0.0",
      "resolved": "https://registry.npmjs.org/spdx-correct/-/spdx-correct-3.0.0.tgz",
      "integrity": "sha512-N19o9z5cEyc8yQQPukRCZ9EUmb4HUpnrmaL/fxS2pBo2jbfcFRVuFZ/oFC+vZz0MNNk0h80iMn5/S6qGZOL5+g==",
      "requires": {
        "spdx-expression-parse": "3.0.0",
        "spdx-license-ids": "3.0.0"
      }
    },
    "spdx-exceptions": {
      "version": "2.1.0",
      "resolved": "https://registry.npmjs.org/spdx-exceptions/-/spdx-exceptions-2.1.0.tgz",
      "integrity": "sha512-4K1NsmrlCU1JJgUrtgEeTVyfx8VaYea9J9LvARxhbHtVtohPs/gFGG5yy49beySjlIMhhXZ4QqujIZEfS4l6Cg=="
    },
    "spdx-expression-parse": {
      "version": "3.0.0",
      "resolved": "https://registry.npmjs.org/spdx-expression-parse/-/spdx-expression-parse-3.0.0.tgz",
      "integrity": "sha512-Yg6D3XpRD4kkOmTpdgbUiEJFKghJH03fiC1OPll5h/0sO6neh2jqRDVHOQ4o/LMea0tgCkbMgea5ip/e+MkWyg==",
      "requires": {
        "spdx-exceptions": "2.1.0",
        "spdx-license-ids": "3.0.0"
      }
    },
    "spdx-license-ids": {
      "version": "3.0.0",
      "resolved": "https://registry.npmjs.org/spdx-license-ids/-/spdx-license-ids-3.0.0.tgz",
      "integrity": "sha512-2+EPwgbnmOIl8HjGBXXMd9NAu02vLjOO1nWw4kmeRDFyHn+M/ETfHxQUK0oXg8ctgVnl9t3rosNVsZ1jG61nDA=="
    },
    "sprintf-js": {
      "version": "1.0.3",
      "resolved": "https://registry.npmjs.org/sprintf-js/-/sprintf-js-1.0.3.tgz",
      "integrity": "sha1-BOaSb2YolTVPPdAVIDYzuFcpfiw="
    },
    "stack-trace": {
      "version": "0.0.10",
      "resolved": "https://registry.npmjs.org/stack-trace/-/stack-trace-0.0.10.tgz",
      "integrity": "sha1-VHxws0fo0ytOEI6hoqFZ5f3eGcA="
    },
    "strip-eof": {
      "version": "1.0.0",
      "resolved": "https://registry.npmjs.org/strip-eof/-/strip-eof-1.0.0.tgz",
      "integrity": "sha1-u0P/VZim6wXYm1n80SnJgzE2Br8="
    },
    "supports-color": {
      "version": "5.4.0",
      "resolved": "https://registry.npmjs.org/supports-color/-/supports-color-5.4.0.tgz",
      "integrity": "sha512-zjaXglF5nnWpsq470jSv6P9DwPvgLkuapYmfDm3JWOm0vkNTVF2tI4UrN2r6jH1qM/uc/WtxYY1hYoA2dOKj5w==",
      "requires": {
        "has-flag": "3.0.0"
      }
    },
    "to-fast-properties": {
      "version": "2.0.0",
      "resolved": "https://registry.npmjs.org/to-fast-properties/-/to-fast-properties-2.0.0.tgz",
      "integrity": "sha1-3F5pjL0HkmW8c+A3doGk5Og/YW4="
    },
    "trim-right": {
      "version": "1.0.1",
      "resolved": "https://registry.npmjs.org/trim-right/-/trim-right-1.0.1.tgz",
      "integrity": "sha1-yy4SAwZ+DI3h9hQJS5/kVwTqYAM="
    },
    "utile": {
      "version": "0.3.0",
      "resolved": "https://registry.npmjs.org/utile/-/utile-0.3.0.tgz",
      "integrity": "sha1-E1LDQOuCDk2N26A5pPv6oy7U7zo=",
      "requires": {
        "async": "0.9.2",
        "deep-equal": "0.2.2",
        "i": "0.3.6",
        "mkdirp": "0.5.1",
        "ncp": "1.0.1",
        "rimraf": "2.6.2"
      }
    },
    "validate-npm-package-license": {
      "version": "3.0.3",
      "resolved": "https://registry.npmjs.org/validate-npm-package-license/-/validate-npm-package-license-3.0.3.tgz",
      "integrity": "sha512-63ZOUnL4SIXj4L0NixR3L1lcjO38crAbgrTpl28t8jjrfuiOBL5Iygm+60qPs/KsZGzPNg6Smnc/oY16QTjF0g==",
      "requires": {
        "spdx-correct": "3.0.0",
        "spdx-expression-parse": "3.0.0"
      }
    },
    "which": {
      "version": "1.3.0",
      "resolved": "https://registry.npmjs.org/which/-/which-1.3.0.tgz",
      "integrity": "sha512-xcJpopdamTuY5duC/KnTTNBraPK54YwpenP4lzxU8H91GudWpFv38u0CKjclE1Wi2EH2EDz5LRcHcKbCIzqGyg==",
      "requires": {
        "isexe": "2.0.0"
      }
    },
    "winston": {
      "version": "2.1.1",
      "resolved": "https://registry.npmjs.org/winston/-/winston-2.1.1.tgz",
      "integrity": "sha1-PJNJ0ZYgf9G9/51LxD73JRDjoS4=",
      "requires": {
        "async": "1.0.0",
        "colors": "1.0.3",
        "cycle": "1.0.3",
        "eyes": "0.1.8",
        "isstream": "0.1.2",
        "pkginfo": "0.3.1",
        "stack-trace": "0.0.10"
      },
      "dependencies": {
        "async": {
          "version": "1.0.0",
          "resolved": "https://registry.npmjs.org/async/-/async-1.0.0.tgz",
          "integrity": "sha1-+PwEyjoTeErenhZBr5hXjPvWR6k="
        },
        "colors": {
          "version": "1.0.3",
          "resolved": "https://registry.npmjs.org/colors/-/colors-1.0.3.tgz",
          "integrity": "sha1-BDP0TYCWgP3rYO0mDxsMJi6CpAs="
        },
        "pkginfo": {
          "version": "0.3.1",
          "resolved": "https://registry.npmjs.org/pkginfo/-/pkginfo-0.3.1.tgz",
          "integrity": "sha1-Wyn2qB9wcXFC4J52W76rl7T4HiE="
        }
      }
    },
    "wrappy": {
      "version": "1.0.2",
      "resolved": "https://registry.npmjs.org/wrappy/-/wrappy-1.0.2.tgz",
      "integrity": "sha1-tSQ9jz7BqjXxNkYFvA0QNuMKtp8="
    },
    "yallist": {
      "version": "2.1.2",
      "resolved": "https://registry.npmjs.org/yallist/-/yallist-2.1.2.tgz",
      "integrity": "sha1-HBH5IY8HYImkfdUS+TxmmaaoHVI="
    }
  }
}
